
Microsoft Visual Studio Solution File, Format Version 12.00
# Visual Studio Version 17
VisualStudioVersion = 17.9.34728.123
MinimumVisualStudioVersion = 10.0.40219.1
Project("{FAE04EC0-301F-11D3-BF4B-00C04F79EFBC}") = "MyEmpApi", "MyEmpApi\MyEmpApi.csproj", "{32F1814B-1227-436E-BFDE-44917F20BB50}"
EndProject
Global
	GlobalSection(SolutionConfigurationPlatforms) = preSolution
		Debug|Any CPU = Debug|Any CPU
		Release|Any CPU = Release|Any CPU
	EndGlobalSection
	GlobalSection(ProjectConfigurationPlatforms) = postSolution
		{32F1814B-1227-436E-BFDE-44917F20BB50}.Debug|Any CPU.ActiveCfg = Debug|Any CPU
		{32F1814B-1227-436E-BFDE-44917F20BB50}.Debug|Any CPU.Build.0 = Debug|Any CPU
		{32F1814B-1227-436E-BFDE-44917F20BB50}.Release|Any CPU.ActiveCfg = Release|Any CPU
		{32F1814B-1227-436E-BFDE-44917F20BB50}.Release|Any CPU.Build.0 = Release|Any CPU
	EndGlobalSection
	GlobalSection(SolutionProperties) = preSolution
		HideSolutionNode = FALSE
	EndGlobalSection
	GlobalSection(ExtensibilityGlobals) = postSolution
		SolutionGuid = {495C6882-797B-4B88-841A-1EFB238F53F1}
	EndGlobalSection
EndGlobal
